Microsoft Visual Studio Solution File, Format Version 12.00
# Visual Studio Version 16
VisualStudioVersion = 16.0.29920.165
MinimumVisualStudioVersion = 15.0.26124.0

Project("{D954291E-2A0B-460D-934E-DC6B0785DB48}") = "UnoHelloWorld.Shared", "UnoHelloWorld.Shared\UnoHelloWorld.Shared.shproj", "{6279C845-92F8-4333-AB99-3D213163593C}"
EndProject

Project("{FAE04EC0-301F-11D3-BF4B-00C04F79EFBC}") = "UnoHelloWorld.Droid", "UnoHelloWorld.Droid\UnoHelloWorld.Droid.csproj", "{4ff85d35-0742-4ecb-9703-da13a2df865b}"
EndProject

Project("{FAE04EC0-301F-11D3-BF4B-00C04F79EFBC}") = "UnoHelloWorld.iOS", "UnoHelloWorld.iOS\UnoHelloWorld.iOS.csproj", "{4f3ff7c6-0ebb-4c68-9073-56fc2f531b01}"
EndProject

Project("{FAE04EC0-301F-11D3-BF4B-00C04F79EFBC}") = "UnoHelloWorld.Uwp", "UnoHelloWorld.UWP\UnoHelloWorld.Uwp.csproj", "{d6d33e78-d278-4655-8ec3-713bed7d32f7}"
EndProject

Project("{9A19103F-16F7-4668-BE54-9A1E7A4F7556}") = "UnoHelloWorld.Wasm", "UnoHelloWorld.Wasm\UnoHelloWorld.Wasm.csproj", "{40EA03F7-8A22-4143-B251-79BAC3EB13D2}"
EndProject

Project("{FAE04EC0-301F-11D3-BF4B-00C04F79EFBC}") = "UnoHelloWorld.macOS", "UnoHelloWorld.macOS\UnoHelloWorld.macOS.csproj", "{6b83df8d-f7cc-4805-bb68-72df96dcfd25}"
EndProject

Project("{9A19103F-16F7-4668-BE54-9A1E7A4F7556}") = "UnoHelloWorld.Skia.Gtk", "UnoHelloWorld.Skia.Gtk\UnoHelloWorld.Skia.Gtk.csproj", "{A5B8155A-118F-4794-B551-C6F3CF7E5411}"
EndProject

Project("{9A19103F-16F7-4668-BE54-9A1E7A4F7556}") = "UnoHelloWorld.Skia.WPF", "UnoHelloWorld.Skia.WPF\UnoHelloWorld.Skia.WPF.csproj", "{a366a3f6-21ec-4990-a2c9-e852cb635d9f}"
EndProject
Project("{9A19103F-16F7-4668-BE54-9A1E7A4F7556}") = "UnoHelloWorld.Skia.Wpf.Host", "UnoHelloWorld.Skia.WPF.Host\UnoHelloWorld.Skia.Wpf.Host.csproj", "{6CF284A4-22B1-4F05-97F4-F095C07A598E}"
EndProject

Project("{9A19103F-16F7-4668-BE54-9A1E7A4F7556}") = "UnoHelloWorld.Skia.Tizen", "UnoHelloWorld.Skia.Tizen\UnoHelloWorld.Skia.Tizen.csproj", "{9AED22A6-77DC-4799-BAE7-5F26F2070BD2}"
EndProject

Global
	GlobalSection(SharedMSBuildProjectFiles) = preSolution
		UnoHelloWorld.Shared\UnoHelloWorld.Shared.projitems*{4ff85d35-0742-4ecb-9703-da13a2df865b}*SharedItemsImports = 4
		UnoHelloWorld.Shared\UnoHelloWorld.Shared.projitems*{a366a3f6-21ec-4990-a2c9-e852cb635d9f}*SharedItemsImports = 5
		UnoHelloWorld.Shared\UnoHelloWorld.Shared.projitems*{6b83df8d-f7cc-4805-bb68-72df96dcfd25}*SharedItemsImports = 4
		UnoHelloWorld.Shared\UnoHelloWorld.Shared.projitems*{40ea03f7-8a22-4143-b251-79bac3eb13d2}*SharedItemsImports = 5
		UnoHelloWorld.Shared\UnoHelloWorld.Shared.projitems*{a5b8155a-118f-4794-b551-c6f3cf7e5411}*SharedItemsImports = 5
		UnoHelloWorld.Shared\UnoHelloWorld.Shared.projitems*{4f3ff7c6-0ebb-4c68-9073-56fc2f531b01}*SharedItemsImports = 4
		UnoHelloWorld.Shared\UnoHelloWorld.Shared.projitems*{6279c845-92f8-4333-ab99-3d213163593c}*SharedItemsImports = 13
		UnoHelloWorld.Shared\UnoHelloWorld.Shared.projitems*{d6d33e78-d278-4655-8ec3-713bed7d32f7}*SharedItemsImports = 4
	EndGlobalSection
	GlobalSection(SolutionConfigurationPlatforms) = preSolution
		Debug|Any CPU = Debug|Any CPU
		Debug|ARM = Debug|ARM
		Debug|ARM64 = Debug|ARM64
		Debug|iPhone = Debug|iPhone
		Debug|iPhoneSimulator = Debug|iPhoneSimulator
		Debug|x64 = Debug|x64
		Debug|x86 = Debug|x86
		Release|Any CPU = Release|Any CPU
		Release|ARM = Release|ARM
		Release|ARM64 = Release|ARM64
		Release|iPhone = Release|iPhone
		Release|iPhoneSimulator = Release|iPhoneSimulator
		Release|x64 = Release|x64
		Release|x86 = Release|x86
	EndGlobalSection
	GlobalSection(ProjectConfigurationPlatforms) = postSolution
		{4ff85d35-0742-4ecb-9703-da13a2df865b}.Debug|Any CPU.ActiveCfg = Debug|Any CPU
		{4ff85d35-0742-4ecb-9703-da13a2df865b}.Debug|Any CPU.Build.0 = Debug|Any CPU
		{4ff85d35-0742-4ecb-9703-da13a2df865b}.Debug|Any CPU.Deploy.0 = Debug|Any CPU
		{4ff85d35-0742-4ecb-9703-da13a2df865b}.Debug|ARM.ActiveCfg = Debug|Any CPU
		{4ff85d35-0742-4ecb-9703-da13a2df865b}.Debug|ARM.Build.0 = Debug|Any CPU
		{4ff85d35-0742-4ecb-9703-da13a2df865b}.Debug|ARM.Deploy.0 = Debug|Any CPU
		{4ff85d35-0742-4ecb-9703-da13a2df865b}.Debug|ARM64.ActiveCfg = Debug|Any CPU
		{4ff85d35-0742-4ecb-9703-da13a2df865b}.Debug|ARM64.Build.0 = Debug|Any CPU
		{4ff85d35-0742-4ecb-9703-da13a2df865b}.Debug|ARM64.Deploy.0 = Debug|Any CPU
		{4ff85d35-0742-4ecb-9703-da13a2df865b}.Debug|iPhone.ActiveCfg = Debug|Any CPU
		{4ff85d35-0742-4ecb-9703-da13a2df865b}.Debug|iPhone.Build.0 = Debug|Any CPU
		{4ff85d35-0742-4ecb-9703-da13a2df865b}.Debug|iPhone.Deploy.0 = Debug|Any CPU
		{4ff85d35-0742-4ecb-9703-da13a2df865b}.Debug|iPhoneSimulator.ActiveCfg = Debug|Any CPU
		{4ff85d35-0742-4ecb-9703-da13a2df865b}.Debug|iPhoneSimulator.Build.0 = Debug|Any CPU
		{4ff85d35-0742-4ecb-9703-da13a2df865b}.Debug|iPhoneSimulator.Deploy.0 = Debug|Any CPU
		{4ff85d35-0742-4ecb-9703-da13a2df865b}.Debug|x64.ActiveCfg = Debug|Any CPU
		{4ff85d35-0742-4ecb-9703-da13a2df865b}.Debug|x64.Build.0 = Debug|Any CPU
		{4ff85d35-0742-4ecb-9703-da13a2df865b}.Debug|x64.Deploy.0 = Debug|Any CPU
		{4ff85d35-0742-4ecb-9703-da13a2df865b}.Debug|x86.ActiveCfg = Debug|Any CPU
		{4ff85d35-0742-4ecb-9703-da13a2df865b}.Debug|x86.Build.0 = Debug|Any CPU
		{4ff85d35-0742-4ecb-9703-da13a2df865b}.Debug|x86.Deploy.0 = Debug|Any CPU

		{4ff85d35-0742-4ecb-9703-da13a2df865b}.Release|Any CPU.ActiveCfg = Release|Any CPU
		{4ff85d35-0742-4ecb-9703-da13a2df865b}.Release|Any CPU.Build.0 = Release|Any CPU
		{4ff85d35-0742-4ecb-9703-da13a2df865b}.Release|Any CPU.Deploy.0 = Release|Any CPU
		{4ff85d35-0742-4ecb-9703-da13a2df865b}.Release|ARM.ActiveCfg = Release|Any CPU
		{4ff85d35-0742-4ecb-9703-da13a2df865b}.Release|ARM.Build.0 = Release|Any CPU
		{4ff85d35-0742-4ecb-9703-da13a2df865b}.Release|ARM.Deploy.0 = Release|Any CPU
		{4ff85d35-0742-4ecb-9703-da13a2df865b}.Release|ARM64.ActiveCfg = Release|Any CPU
		{4ff85d35-0742-4ecb-9703-da13a2df865b}.Release|ARM64.Build.0 = Release|Any CPU
		{4ff85d35-0742-4ecb-9703-da13a2df865b}.Release|ARM64.Deploy.0 = Release|Any CPU
		{4ff85d35-0742-4ecb-9703-da13a2df865b}.Release|iPhone.ActiveCfg = Release|Any CPU
		{4ff85d35-0742-4ecb-9703-da13a2df865b}.Release|iPhone.Build.0 = Release|Any CPU
		{4ff85d35-0742-4ecb-9703-da13a2df865b}.Release|iPhone.Deploy.0 = Release|Any CPU
		{4ff85d35-0742-4ecb-9703-da13a2df865b}.Release|iPhoneSimulator.ActiveCfg = Release|Any CPU
		{4ff85d35-0742-4ecb-9703-da13a2df865b}.Release|iPhoneSimulator.Build.0 = Release|Any CPU
		{4ff85d35-0742-4ecb-9703-da13a2df865b}.Release|iPhoneSimulator.Deploy.0 = Release|Any CPU
		{4ff85d35-0742-4ecb-9703-da13a2df865b}.Release|x64.ActiveCfg = Release|Any CPU
		{4ff85d35-0742-4ecb-9703-da13a2df865b}.Release|x64.Build.0 = Release|Any CPU
		{4ff85d35-0742-4ecb-9703-da13a2df865b}.Release|x64.Deploy.0 = Release|Any CPU
		{4ff85d35-0742-4ecb-9703-da13a2df865b}.Release|x86.ActiveCfg = Release|Any CPU
		{4ff85d35-0742-4ecb-9703-da13a2df865b}.Release|x86.Build.0 = Release|Any CPU
		{4ff85d35-0742-4ecb-9703-da13a2df865b}.Release|x86.Deploy.0 = Release|Any CPU
		{4f3ff7c6-0ebb-4c68-9073-56fc2f531b01}.Debug|Any CPU.ActiveCfg = Debug|iPhone
		{4f3ff7c6-0ebb-4c68-9073-56fc2f531b01}.Debug|Any CPU.Build.0 = Debug|iPhone
		{4f3ff7c6-0ebb-4c68-9073-56fc2f531b01}.Debug|Any CPU.Deploy.0 = Debug|iPhone
		{4f3ff7c6-0ebb-4c68-9073-56fc2f531b01}.Debug|ARM.ActiveCfg = Debug|iPhone
		{4f3ff7c6-0ebb-4c68-9073-56fc2f531b01}.Debug|ARM64.ActiveCfg = Debug|iPhone
		{4f3ff7c6-0ebb-4c68-9073-56fc2f531b01}.Debug|iPhone.ActiveCfg = Debug|iPhone
		{4f3ff7c6-0ebb-4c68-9073-56fc2f531b01}.Debug|iPhone.Build.0 = Debug|iPhone
		{4f3ff7c6-0ebb-4c68-9073-56fc2f531b01}.Debug|iPhoneSimulator.ActiveCfg = Debug|iPhoneSimulator
		{4f3ff7c6-0ebb-4c68-9073-56fc2f531b01}.Debug|iPhoneSimulator.Build.0 = Debug|iPhoneSimulator
		{4f3ff7c6-0ebb-4c68-9073-56fc2f531b01}.Debug|x64.ActiveCfg = Debug|iPhone
		{4f3ff7c6-0ebb-4c68-9073-56fc2f531b01}.Debug|x64.Build.0 = Debug|iPhone
		{4f3ff7c6-0ebb-4c68-9073-56fc2f531b01}.Debug|x64.Deploy.0 = Debug|iPhone
		{4f3ff7c6-0ebb-4c68-9073-56fc2f531b01}.Debug|x86.ActiveCfg = Debug|iPhoneSimulator
		{4f3ff7c6-0ebb-4c68-9073-56fc2f531b01}.Debug|x86.Build.0 = Debug|iPhoneSimulator
		{4f3ff7c6-0ebb-4c68-9073-56fc2f531b01}.Debug|x86.Deploy.0 = Debug|iPhoneSimulator
		{4f3ff7c6-0ebb-4c68-9073-56fc2f531b01}.Release|Any CPU.ActiveCfg = Release|iPhone
		{4f3ff7c6-0ebb-4c68-9073-56fc2f531b01}.Release|ARM.ActiveCfg = Release|iPhone
		{4f3ff7c6-0ebb-4c68-9073-56fc2f531b01}.Release|ARM64.ActiveCfg = Release|iPhone
		{4f3ff7c6-0ebb-4c68-9073-56fc2f531b01}.Release|iPhone.ActiveCfg = Release|iPhone
		{4f3ff7c6-0ebb-4c68-9073-56fc2f531b01}.Release|iPhone.Build.0 = Release|iPhone
		{4f3ff7c6-0ebb-4c68-9073-56fc2f531b01}.Release|iPhoneSimulator.ActiveCfg = Release|iPhoneSimulator
		{4f3ff7c6-0ebb-4c68-9073-56fc2f531b01}.Release|iPhoneSimulator.Build.0 = Release|iPhoneSimulator
		{4f3ff7c6-0ebb-4c68-9073-56fc2f531b01}.Release|x64.ActiveCfg = Release|iPhoneSimulator
		{4f3ff7c6-0ebb-4c68-9073-56fc2f531b01}.Release|x64.Build.0 = Release|iPhoneSimulator
		{4f3ff7c6-0ebb-4c68-9073-56fc2f531b01}.Release|x64.Deploy.0 = Release|iPhoneSimulator
		{4f3ff7c6-0ebb-4c68-9073-56fc2f531b01}.Release|x86.ActiveCfg = Release|iPhoneSimulator
		{4f3ff7c6-0ebb-4c68-9073-56fc2f531b01}.Release|x86.Build.0 = Release|iPhoneSimulator

		{d6d33e78-d278-4655-8ec3-713bed7d32f7}.Debug|Any CPU.ActiveCfg = Debug|x86
		{d6d33e78-d278-4655-8ec3-713bed7d32f7}.Debug|Any CPU.Build.0 = Debug|x86
		{d6d33e78-d278-4655-8ec3-713bed7d32f7}.Debug|Any CPU.Deploy.0 = Debug|x86
		{d6d33e78-d278-4655-8ec3-713bed7d32f7}.Debug|ARM.ActiveCfg = Debug|ARM
		{d6d33e78-d278-4655-8ec3-713bed7d32f7}.Debug|ARM.Build.0 = Debug|ARM
		{d6d33e78-d278-4655-8ec3-713bed7d32f7}.Debug|ARM.Deploy.0 = Debug|ARM
		{d6d33e78-d278-4655-8ec3-713bed7d32f7}.Debug|ARM64.ActiveCfg = Debug|ARM64
		{d6d33e78-d278-4655-8ec3-713bed7d32f7}.Debug|ARM64.Build.0 = Debug|ARM64
		{d6d33e78-d278-4655-8ec3-713bed7d32f7}.Debug|ARM64.Deploy.0 = Debug|ARM64
		{d6d33e78-d278-4655-8ec3-713bed7d32f7}.Debug|iPhone.ActiveCfg = Debug|x86
		{d6d33e78-d278-4655-8ec3-713bed7d32f7}.Debug|iPhone.Build.0 = Debug|x86
		{d6d33e78-d278-4655-8ec3-713bed7d32f7}.Debug|iPhone.Deploy.0 = Debug|x86
		{d6d33e78-d278-4655-8ec3-713bed7d32f7}.Debug|iPhoneSimulator.ActiveCfg = Debug|x86
		{d6d33e78-d278-4655-8ec3-713bed7d32f7}.Debug|iPhoneSimulator.Build.0 = Debug|x86
		{d6d33e78-d278-4655-8ec3-713bed7d32f7}.Debug|iPhoneSimulator.Deploy.0 = Debug|x86
		{d6d33e78-d278-4655-8ec3-713bed7d32f7}.Debug|x64.ActiveCfg = Debug|x64
		{d6d33e78-d278-4655-8ec3-713bed7d32f7}.Debug|x64.Build.0 = Debug|x64
		{d6d33e78-d278-4655-8ec3-713bed7d32f7}.Debug|x64.Deploy.0 = Debug|x64
		{d6d33e78-d278-4655-8ec3-713bed7d32f7}.Debug|x86.ActiveCfg = Debug|x86
		{d6d33e78-d278-4655-8ec3-713bed7d32f7}.Debug|x86.Build.0 = Debug|x86
		{d6d33e78-d278-4655-8ec3-713bed7d32f7}.Debug|x86.Deploy.0 = Debug|x86
		{d6d33e78-d278-4655-8ec3-713bed7d32f7}.Release|Any CPU.ActiveCfg = Release|x86
		{d6d33e78-d278-4655-8ec3-713bed7d32f7}.Release|ARM.ActiveCfg = Release|ARM
		{d6d33e78-d278-4655-8ec3-713bed7d32f7}.Release|ARM.Build.0 = Release|ARM
		{d6d33e78-d278-4655-8ec3-713bed7d32f7}.Release|ARM.Deploy.0 = Release|ARM
		{d6d33e78-d278-4655-8ec3-713bed7d32f7}.Release|ARM64.ActiveCfg = Release|ARM64
		{d6d33e78-d278-4655-8ec3-713bed7d32f7}.Release|ARM64.Build.0 = Release|ARM64
		{d6d33e78-d278-4655-8ec3-713bed7d32f7}.Release|ARM64.Deploy.0 = Release|ARM64
		{d6d33e78-d278-4655-8ec3-713bed7d32f7}.Release|iPhone.ActiveCfg = Release|x86
		{d6d33e78-d278-4655-8ec3-713bed7d32f7}.Release|iPhone.Build.0 = Release|x86
		{d6d33e78-d278-4655-8ec3-713bed7d32f7}.Release|iPhoneSimulator.ActiveCfg = Release|x86
		{d6d33e78-d278-4655-8ec3-713bed7d32f7}.Release|iPhoneSimulator.Build.0 = Release|x86
		{d6d33e78-d278-4655-8ec3-713bed7d32f7}.Release|iPhoneSimulator.Deploy.0 = Release|x86
		{d6d33e78-d278-4655-8ec3-713bed7d32f7}.Release|x64.ActiveCfg = Release|x64
		{d6d33e78-d278-4655-8ec3-713bed7d32f7}.Release|x64.Build.0 = Release|x64
		{d6d33e78-d278-4655-8ec3-713bed7d32f7}.Release|x64.Deploy.0 = Release|x64
		{d6d33e78-d278-4655-8ec3-713bed7d32f7}.Release|x86.ActiveCfg = Release|x86
		{d6d33e78-d278-4655-8ec3-713bed7d32f7}.Release|x86.Build.0 = Release|x86
		{d6d33e78-d278-4655-8ec3-713bed7d32f7}.Release|x86.Deploy.0 = Release|x86

		{a366a3f6-21ec-4990-a2c9-e852cb635d9f}.Debug|Any CPU.ActiveCfg = Debug|Any CPU
		{a366a3f6-21ec-4990-a2c9-e852cb635d9f}.Debug|Any CPU.Build.0 = Debug|Any CPU
		{a366a3f6-21ec-4990-a2c9-e852cb635d9f}.Debug|Any CPU.Deploy.0 = Debug|Any CPU
		{a366a3f6-21ec-4990-a2c9-e852cb635d9f}.Debug|ARM.ActiveCfg = Debug|ARM
		{a366a3f6-21ec-4990-a2c9-e852cb635d9f}.Debug|ARM.Build.0 = Debug|ARM
		{a366a3f6-21ec-4990-a2c9-e852cb635d9f}.Debug|ARM.Deploy.0 = Debug|ARM
		{a366a3f6-21ec-4990-a2c9-e852cb635d9f}.Debug|ARM64.ActiveCfg = Debug|ARM64
		{a366a3f6-21ec-4990-a2c9-e852cb635d9f}.Debug|ARM64.Build.0 = Debug|ARM64
		{a366a3f6-21ec-4990-a2c9-e852cb635d9f}.Debug|ARM64.Deploy.0 = Debug|ARM64
		{a366a3f6-21ec-4990-a2c9-e852cb635d9f}.Debug|iPhone.ActiveCfg = Debug|x86
		{a366a3f6-21ec-4990-a2c9-e852cb635d9f}.Debug|iPhone.Build.0 = Debug|x86
		{a366a3f6-21ec-4990-a2c9-e852cb635d9f}.Debug|iPhone.Deploy.0 = Debug|x86
		{a366a3f6-21ec-4990-a2c9-e852cb635d9f}.Debug|iPhoneSimulator.ActiveCfg = Debug|x86
		{a366a3f6-21ec-4990-a2c9-e852cb635d9f}.Debug|iPhoneSimulator.Build.0 = Debug|x86
		{a366a3f6-21ec-4990-a2c9-e852cb635d9f}.Debug|iPhoneSimulator.Deploy.0 = Debug|x86
		{a366a3f6-21ec-4990-a2c9-e852cb635d9f}.Debug|x64.ActiveCfg = Debug|x64
		{a366a3f6-21ec-4990-a2c9-e852cb635d9f}.Debug|x64.Build.0 = Debug|x64
		{a366a3f6-21ec-4990-a2c9-e852cb635d9f}.Debug|x64.Deploy.0 = Debug|x64
		{a366a3f6-21ec-4990-a2c9-e852cb635d9f}.Debug|x86.ActiveCfg = Debug|x86
		{a366a3f6-21ec-4990-a2c9-e852cb635d9f}.Debug|x86.Build.0 = Debug|x86
		{a366a3f6-21ec-4990-a2c9-e852cb635d9f}.Debug|x86.Deploy.0 = Debug|x86
		{a366a3f6-21ec-4990-a2c9-e852cb635d9f}.Release|Any CPU.ActiveCfg = Release|x86
		{a366a3f6-21ec-4990-a2c9-e852cb635d9f}.Release|ARM.ActiveCfg = Release|ARM
		{a366a3f6-21ec-4990-a2c9-e852cb635d9f}.Release|ARM.Build.0 = Release|ARM
		{a366a3f6-21ec-4990-a2c9-e852cb635d9f}.Release|ARM.Deploy.0 = Release|ARM
		{a366a3f6-21ec-4990-a2c9-e852cb635d9f}.Release|ARM64.ActiveCfg = Release|ARM64
		{a366a3f6-21ec-4990-a2c9-e852cb635d9f}.Release|ARM64.Build.0 = Release|ARM64
		{a366a3f6-21ec-4990-a2c9-e852cb635d9f}.Release|ARM64.Deploy.0 = Release|ARM64
		{a366a3f6-21ec-4990-a2c9-e852cb635d9f}.Release|iPhone.ActiveCfg = Release|x86
		{a366a3f6-21ec-4990-a2c9-e852cb635d9f}.Release|iPhone.Build.0 = Release|x86
		{a366a3f6-21ec-4990-a2c9-e852cb635d9f}.Release|iPhoneSimulator.ActiveCfg = Release|x86
		{a366a3f6-21ec-4990-a2c9-e852cb635d9f}.Release|iPhoneSimulator.Build.0 = Release|x86
		{a366a3f6-21ec-4990-a2c9-e852cb635d9f}.Release|iPhoneSimulator.Deploy.0 = Release|x86
		{a366a3f6-21ec-4990-a2c9-e852cb635d9f}.Release|x64.ActiveCfg = Release|x64
		{a366a3f6-21ec-4990-a2c9-e852cb635d9f}.Release|x64.Build.0 = Release|x64
		{a366a3f6-21ec-4990-a2c9-e852cb635d9f}.Release|x64.Deploy.0 = Release|x64
		{a366a3f6-21ec-4990-a2c9-e852cb635d9f}.Release|x86.ActiveCfg = Release|x86
		{a366a3f6-21ec-4990-a2c9-e852cb635d9f}.Release|x86.Build.0 = Release|x86
		{a366a3f6-21ec-4990-a2c9-e852cb635d9f}.Release|x86.Deploy.0 = Release|x86

		{a366a3f6-21ec-4990-a2c9-e852cb635d9f}.Debug|Any CPU.ActiveCfg = Debug|Any CPU
		{a366a3f6-21ec-4990-a2c9-e852cb635d9f}.Debug|Any CPU.Build.0 = Debug|Any CPU
		{a366a3f6-21ec-4990-a2c9-e852cb635d9f}.Debug|ARM.ActiveCfg = Debug|Any CPU
		{a366a3f6-21ec-4990-a2c9-e852cb635d9f}.Debug|ARM.Build.0 = Debug|Any CPU
		{a366a3f6-21ec-4990-a2c9-e852cb635d9f}.Debug|ARM64.ActiveCfg = Debug|Any CPU
		{a366a3f6-21ec-4990-a2c9-e852cb635d9f}.Debug|ARM64.Build.0 = Debug|Any CPU
		{a366a3f6-21ec-4990-a2c9-e852cb635d9f}.Debug|iPhone.ActiveCfg = Debug|Any CPU
		{a366a3f6-21ec-4990-a2c9-e852cb635d9f}.Debug|iPhone.Build.0 = Debug|Any CPU
		{a366a3f6-21ec-4990-a2c9-e852cb635d9f}.Debug|iPhoneSimulator.ActiveCfg = Debug|Any CPU
		{a366a3f6-21ec-4990-a2c9-e852cb635d9f}.Debug|iPhoneSimulator.Build.0 = Debug|Any CPU
		{a366a3f6-21ec-4990-a2c9-e852cb635d9f}.Debug|x64.ActiveCfg = Debug|Any CPU
		{a366a3f6-21ec-4990-a2c9-e852cb635d9f}.Debug|x64.Build.0 = Debug|Any CPU
		{a366a3f6-21ec-4990-a2c9-e852cb635d9f}.Debug|x86.ActiveCfg = Debug|Any CPU
		{a366a3f6-21ec-4990-a2c9-e852cb635d9f}.Debug|x86.Build.0 = Debug|Any CPU
		{a366a3f6-21ec-4990-a2c9-e852cb635d9f}.Release|Any CPU.ActiveCfg = Release|Any CPU
		{a366a3f6-21ec-4990-a2c9-e852cb635d9f}.Release|Any CPU.Build.0 = Release|Any CPU
		{a366a3f6-21ec-4990-a2c9-e852cb635d9f}.Release|ARM.ActiveCfg = Release|Any CPU
		{a366a3f6-21ec-4990-a2c9-e852cb635d9f}.Release|ARM.Build.0 = Release|Any CPU
		{a366a3f6-21ec-4990-a2c9-e852cb635d9f}.Release|ARM64.ActiveCfg = Release|Any CPU
		{a366a3f6-21ec-4990-a2c9-e852cb635d9f}.Release|ARM64.Build.0 = Release|Any CPU
		{a366a3f6-21ec-4990-a2c9-e852cb635d9f}.Release|iPhone.ActiveCfg = Release|Any CPU
		{a366a3f6-21ec-4990-a2c9-e852cb635d9f}.Release|iPhone.Build.0 = Release|Any CPU
		{a366a3f6-21ec-4990-a2c9-e852cb635d9f}.Release|iPhoneSimulator.ActiveCfg = Release|Any CPU
		{a366a3f6-21ec-4990-a2c9-e852cb635d9f}.Release|iPhoneSimulator.Build.0 = Release|Any CPU
		{a366a3f6-21ec-4990-a2c9-e852cb635d9f}.Release|x64.ActiveCfg = Release|Any CPU
		{a366a3f6-21ec-4990-a2c9-e852cb635d9f}.Release|x64.Build.0 = Release|Any CPU
		{a366a3f6-21ec-4990-a2c9-e852cb635d9f}.Release|x86.ActiveCfg = Release|Any CPU
		{a366a3f6-21ec-4990-a2c9-e852cb635d9f}.Release|x86.Build.0 = Release|Any CPU

		{A5B8155A-118F-4794-B551-C6F3CF7E5411}.Debug|Any CPU.ActiveCfg = Debug|Any CPU
		{A5B8155A-118F-4794-B551-C6F3CF7E5411}.Debug|Any CPU.Build.0 = Debug|Any CPU
		{A5B8155A-118F-4794-B551-C6F3CF7E5411}.Debug|ARM.ActiveCfg = Debug|Any CPU
		{A5B8155A-118F-4794-B551-C6F3CF7E5411}.Debug|ARM.Build.0 = Debug|Any CPU
		{A5B8155A-118F-4794-B551-C6F3CF7E5411}.Debug|ARM64.ActiveCfg = Debug|Any CPU
		{A5B8155A-118F-4794-B551-C6F3CF7E5411}.Debug|ARM64.Build.0 = Debug|Any CPU
		{A5B8155A-118F-4794-B551-C6F3CF7E5411}.Debug|iPhone.ActiveCfg = Debug|Any CPU
		{A5B8155A-118F-4794-B551-C6F3CF7E5411}.Debug|iPhone.Build.0 = Debug|Any CPU
		{A5B8155A-118F-4794-B551-C6F3CF7E5411}.Debug|iPhoneSimulator.ActiveCfg = Debug|Any CPU
		{A5B8155A-118F-4794-B551-C6F3CF7E5411}.Debug|iPhoneSimulator.Build.0 = Debug|Any CPU
		{A5B8155A-118F-4794-B551-C6F3CF7E5411}.Debug|x64.ActiveCfg = Debug|Any CPU
		{A5B8155A-118F-4794-B551-C6F3CF7E5411}.Debug|x64.Build.0 = Debug|Any CPU
		{A5B8155A-118F-4794-B551-C6F3CF7E5411}.Debug|x86.ActiveCfg = Debug|Any CPU
		{A5B8155A-118F-4794-B551-C6F3CF7E5411}.Debug|x86.Build.0 = Debug|Any CPU
		{A5B8155A-118F-4794-B551-C6F3CF7E5411}.Release|Any CPU.ActiveCfg = Release|Any CPU
		{A5B8155A-118F-4794-B551-C6F3CF7E5411}.Release|Any CPU.Build.0 = Release|Any CPU
		{A5B8155A-118F-4794-B551-C6F3CF7E5411}.Release|ARM.ActiveCfg = Release|Any CPU
		{A5B8155A-118F-4794-B551-C6F3CF7E5411}.Release|ARM.Build.0 = Release|Any CPU
		{A5B8155A-118F-4794-B551-C6F3CF7E5411}.Release|ARM64.ActiveCfg = Release|Any CPU
		{A5B8155A-118F-4794-B551-C6F3CF7E5411}.Release|ARM64.Build.0 = Release|Any CPU
		{A5B8155A-118F-4794-B551-C6F3CF7E5411}.Release|iPhone.ActiveCfg = Release|Any CPU
		{A5B8155A-118F-4794-B551-C6F3CF7E5411}.Release|iPhone.Build.0 = Release|Any CPU
		{A5B8155A-118F-4794-B551-C6F3CF7E5411}.Release|iPhoneSimulator.ActiveCfg = Release|Any CPU
		{A5B8155A-118F-4794-B551-C6F3CF7E5411}.Release|iPhoneSimulator.Build.0 = Release|Any CPU
		{A5B8155A-118F-4794-B551-C6F3CF7E5411}.Release|x64.ActiveCfg = Release|Any CPU
		{A5B8155A-118F-4794-B551-C6F3CF7E5411}.Release|x64.Build.0 = Release|Any CPU
		{A5B8155A-118F-4794-B551-C6F3CF7E5411}.Release|x86.ActiveCfg = Release|Any CPU
		{A5B8155A-118F-4794-B551-C6F3CF7E5411}.Release|x86.Build.0 = Release|Any CPU

		{9AED22A6-77DC-4799-BAE7-5F26F2070BD2}.Debug|Any CPU.ActiveCfg = Debug|Any CPU
		{9AED22A6-77DC-4799-BAE7-5F26F2070BD2}.Debug|Any CPU.Build.0 = Debug|Any CPU
		{9AED22A6-77DC-4799-BAE7-5F26F2070BD2}.Debug|ARM.ActiveCfg = Debug|Any CPU
		{9AED22A6-77DC-4799-BAE7-5F26F2070BD2}.Debug|ARM.Build.0 = Debug|Any CPU
		{9AED22A6-77DC-4799-BAE7-5F26F2070BD2}.Debug|ARM64.ActiveCfg = Debug|Any CPU
		{9AED22A6-77DC-4799-BAE7-5F26F2070BD2}.Debug|ARM64.Build.0 = Debug|Any CPU
		{9AED22A6-77DC-4799-BAE7-5F26F2070BD2}.Debug|iPhone.ActiveCfg = Debug|Any CPU
		{9AED22A6-77DC-4799-BAE7-5F26F2070BD2}.Debug|iPhone.Build.0 = Debug|Any CPU
		{9AED22A6-77DC-4799-BAE7-5F26F2070BD2}.Debug|iPhoneSimulator.ActiveCfg = Debug|Any CPU
		{9AED22A6-77DC-4799-BAE7-5F26F2070BD2}.Debug|iPhoneSimulator.Build.0 = Debug|Any CPU
		{9AED22A6-77DC-4799-BAE7-5F26F2070BD2}.Debug|x64.ActiveCfg = Debug|Any CPU
		{9AED22A6-77DC-4799-BAE7-5F26F2070BD2}.Debug|x64.Build.0 = Debug|Any CPU
		{9AED22A6-77DC-4799-BAE7-5F26F2070BD2}.Debug|x86.ActiveCfg = Debug|Any CPU
		{9AED22A6-77DC-4799-BAE7-5F26F2070BD2}.Debug|x86.Build.0 = Debug|Any CPU
		{9AED22A6-77DC-4799-BAE7-5F26F2070BD2}.Release|Any CPU.ActiveCfg = Release|Any CPU
		{9AED22A6-77DC-4799-BAE7-5F26F2070BD2}.Release|Any CPU.Build.0 = Release|Any CPU
		{9AED22A6-77DC-4799-BAE7-5F26F2070BD2}.Release|ARM.ActiveCfg = Release|Any CPU
		{9AED22A6-77DC-4799-BAE7-5F26F2070BD2}.Release|ARM.Build.0 = Release|Any CPU
		{9AED22A6-77DC-4799-BAE7-5F26F2070BD2}.Release|ARM64.ActiveCfg = Release|Any CPU
		{9AED22A6-77DC-4799-BAE7-5F26F2070BD2}.Release|ARM64.Build.0 = Release|Any CPU
		{9AED22A6-77DC-4799-BAE7-5F26F2070BD2}.Release|iPhone.ActiveCfg = Release|Any CPU
		{9AED22A6-77DC-4799-BAE7-5F26F2070BD2}.Release|iPhone.Build.0 = Release|Any CPU
		{9AED22A6-77DC-4799-BAE7-5F26F2070BD2}.Release|iPhoneSimulator.ActiveCfg = Release|Any CPU
		{9AED22A6-77DC-4799-BAE7-5F26F2070BD2}.Release|iPhoneSimulator.Build.0 = Release|Any CPU
		{9AED22A6-77DC-4799-BAE7-5F26F2070BD2}.Release|x64.ActiveCfg = Release|Any CPU
		{9AED22A6-77DC-4799-BAE7-5F26F2070BD2}.Release|x64.Build.0 = Release|Any CPU
		{9AED22A6-77DC-4799-BAE7-5F26F2070BD2}.Release|x86.ActiveCfg = Release|Any CPU
		{9AED22A6-77DC-4799-BAE7-5F26F2070BD2}.Release|x86.Build.0 = Release|Any CPU

		{6CF284A4-22B1-4F05-97F4-F095C07A598E}.Debug|Any CPU.ActiveCfg = Debug|Any CPU
		{6CF284A4-22B1-4F05-97F4-F095C07A598E}.Debug|Any CPU.Build.0 = Debug|Any CPU
		{6CF284A4-22B1-4F05-97F4-F095C07A598E}.Debug|ARM.ActiveCfg = Debug|Any CPU
		{6CF284A4-22B1-4F05-97F4-F095C07A598E}.Debug|ARM.Build.0 = Debug|Any CPU
		{6CF284A4-22B1-4F05-97F4-F095C07A598E}.Debug|ARM64.ActiveCfg = Debug|Any CPU
		{6CF284A4-22B1-4F05-97F4-F095C07A598E}.Debug|ARM64.Build.0 = Debug|Any CPU
		{6CF284A4-22B1-4F05-97F4-F095C07A598E}.Debug|iPhone.ActiveCfg = Debug|Any CPU
		{6CF284A4-22B1-4F05-97F4-F095C07A598E}.Debug|iPhone.Build.0 = Debug|Any CPU
		{6CF284A4-22B1-4F05-97F4-F095C07A598E}.Debug|iPhoneSimulator.ActiveCfg = Debug|Any CPU
		{6CF284A4-22B1-4F05-97F4-F095C07A598E}.Debug|iPhoneSimulator.Build.0 = Debug|Any CPU
		{6CF284A4-22B1-4F05-97F4-F095C07A598E}.Debug|x64.ActiveCfg = Debug|Any CPU
		{6CF284A4-22B1-4F05-97F4-F095C07A598E}.Debug|x64.Build.0 = Debug|Any CPU
		{6CF284A4-22B1-4F05-97F4-F095C07A598E}.Debug|x86.ActiveCfg = Debug|Any CPU
		{6CF284A4-22B1-4F05-97F4-F095C07A598E}.Debug|x86.Build.0 = Debug|Any CPU
		{6CF284A4-22B1-4F05-97F4-F095C07A598E}.Release|Any CPU.ActiveCfg = Release|Any CPU
		{6CF284A4-22B1-4F05-97F4-F095C07A598E}.Release|Any CPU.Build.0 = Release|Any CPU
		{6CF284A4-22B1-4F05-97F4-F095C07A598E}.Release|ARM.ActiveCfg = Release|Any CPU
		{6CF284A4-22B1-4F05-97F4-F095C07A598E}.Release|ARM.Build.0 = Release|Any CPU
		{6CF284A4-22B1-4F05-97F4-F095C07A598E}.Release|ARM64.ActiveCfg = Release|Any CPU
		{6CF284A4-22B1-4F05-97F4-F095C07A598E}.Release|ARM64.Build.0 = Release|Any CPU
		{6CF284A4-22B1-4F05-97F4-F095C07A598E}.Release|iPhone.ActiveCfg = Release|Any CPU
		{6CF284A4-22B1-4F05-97F4-F095C07A598E}.Release|iPhone.Build.0 = Release|Any CPU
		{6CF284A4-22B1-4F05-97F4-F095C07A598E}.Release|iPhoneSimulator.ActiveCfg = Release|Any CPU
		{6CF284A4-22B1-4F05-97F4-F095C07A598E}.Release|iPhoneSimulator.Build.0 = Release|Any CPU
		{6CF284A4-22B1-4F05-97F4-F095C07A598E}.Release|x64.ActiveCfg = Release|Any CPU
		{6CF284A4-22B1-4F05-97F4-F095C07A598E}.Release|x64.Build.0 = Release|Any CPU
		{6CF284A4-22B1-4F05-97F4-F095C07A598E}.Release|x86.ActiveCfg = Release|Any CPU
		{6CF284A4-22B1-4F05-97F4-F095C07A598E}.Release|x86.Build.0 = Release|Any CPU

		{40EA03F7-8A22-4143-B251-79BAC3EB13D2}.Debug|Any CPU.ActiveCfg = Debug|Any CPU
		{40EA03F7-8A22-4143-B251-79BAC3EB13D2}.Debug|Any CPU.Build.0 = Debug|Any CPU
		{40EA03F7-8A22-4143-B251-79BAC3EB13D2}.Debug|ARM.ActiveCfg = Debug|Any CPU
		{40EA03F7-8A22-4143-B251-79BAC3EB13D2}.Debug|ARM.Build.0 = Debug|Any CPU
		{40EA03F7-8A22-4143-B251-79BAC3EB13D2}.Debug|ARM64.ActiveCfg = Debug|Any CPU
		{40EA03F7-8A22-4143-B251-79BAC3EB13D2}.Debug|ARM64.Build.0 = Debug|Any CPU
		{40EA03F7-8A22-4143-B251-79BAC3EB13D2}.Debug|iPhone.ActiveCfg = Debug|Any CPU
		{40EA03F7-8A22-4143-B251-79BAC3EB13D2}.Debug|iPhone.Build.0 = Debug|Any CPU
		{40EA03F7-8A22-4143-B251-79BAC3EB13D2}.Debug|iPhoneSimulator.ActiveCfg = Debug|Any CPU
		{40EA03F7-8A22-4143-B251-79BAC3EB13D2}.Debug|iPhoneSimulator.Build.0 = Debug|Any CPU
		{40EA03F7-8A22-4143-B251-79BAC3EB13D2}.Debug|x64.ActiveCfg = Debug|Any CPU
		{40EA03F7-8A22-4143-B251-79BAC3EB13D2}.Debug|x64.Build.0 = Debug|Any CPU
		{40EA03F7-8A22-4143-B251-79BAC3EB13D2}.Debug|x86.ActiveCfg = Debug|Any CPU
		{40EA03F7-8A22-4143-B251-79BAC3EB13D2}.Debug|x86.Build.0 = Debug|Any CPU
		{40EA03F7-8A22-4143-B251-79BAC3EB13D2}.Release|Any CPU.ActiveCfg = Release|Any CPU
		{40EA03F7-8A22-4143-B251-79BAC3EB13D2}.Release|Any CPU.Build.0 = Release|Any CPU
		{40EA03F7-8A22-4143-B251-79BAC3EB13D2}.Release|ARM.ActiveCfg = Release|Any CPU
		{40EA03F7-8A22-4143-B251-79BAC3EB13D2}.Release|ARM.Build.0 = Release|Any CPU
		{40EA03F7-8A22-4143-B251-79BAC3EB13D2}.Release|ARM64.ActiveCfg = Release|Any CPU
		{40EA03F7-8A22-4143-B251-79BAC3EB13D2}.Release|ARM64.Build.0 = Release|Any CPU
		{40EA03F7-8A22-4143-B251-79BAC3EB13D2}.Release|iPhone.ActiveCfg = Release|Any CPU
		{40EA03F7-8A22-4143-B251-79BAC3EB13D2}.Release|iPhone.Build.0 = Release|Any CPU
		{40EA03F7-8A22-4143-B251-79BAC3EB13D2}.Release|iPhoneSimulator.ActiveCfg = Release|Any CPU
		{40EA03F7-8A22-4143-B251-79BAC3EB13D2}.Release|iPhoneSimulator.Build.0 = Release|Any CPU
		{40EA03F7-8A22-4143-B251-79BAC3EB13D2}.Release|x64.ActiveCfg = Release|Any CPU
		{40EA03F7-8A22-4143-B251-79BAC3EB13D2}.Release|x64.Build.0 = Release|Any CPU
		{40EA03F7-8A22-4143-B251-79BAC3EB13D2}.Release|x86.ActiveCfg = Release|Any CPU
		{40EA03F7-8A22-4143-B251-79BAC3EB13D2}.Release|x86.Build.0 = Release|Any CPU
		{6b83df8d-f7cc-4805-bb68-72df96dcfd25}.Debug|Any CPU.ActiveCfg = Debug|iPhoneSimulator
		{6b83df8d-f7cc-4805-bb68-72df96dcfd25}.Debug|Any CPU.Build.0 = Debug|iPhoneSimulator
		{6b83df8d-f7cc-4805-bb68-72df96dcfd25}.Debug|ARM.ActiveCfg = Debug|iPhoneSimulator
		{6b83df8d-f7cc-4805-bb68-72df96dcfd25}.Debug|ARM64.ActiveCfg = Debug|iPhoneSimulator
		{6b83df8d-f7cc-4805-bb68-72df96dcfd25}.Debug|iPhone.ActiveCfg = Debug|iPhoneSimulator
		{6b83df8d-f7cc-4805-bb68-72df96dcfd25}.Debug|iPhone.Build.0 = Debug|iPhoneSimulator
		{6b83df8d-f7cc-4805-bb68-72df96dcfd25}.Debug|iPhoneSimulator.ActiveCfg = Debug|iPhoneSimulator
		{6b83df8d-f7cc-4805-bb68-72df96dcfd25}.Debug|iPhoneSimulator.Build.0 = Debug|iPhoneSimulator
		{6b83df8d-f7cc-4805-bb68-72df96dcfd25}.Debug|x64.ActiveCfg = Debug|iPhoneSimulator
		{6b83df8d-f7cc-4805-bb68-72df96dcfd25}.Debug|x64.Build.0 = Debug|iPhoneSimulator
		{6b83df8d-f7cc-4805-bb68-72df96dcfd25}.Debug|x86.ActiveCfg = Debug|iPhoneSimulator
		{6b83df8d-f7cc-4805-bb68-72df96dcfd25}.Debug|x86.Build.0 = Debug|iPhoneSimulator
		{6b83df8d-f7cc-4805-bb68-72df96dcfd25}.Release|Any CPU.ActiveCfg = Release|iPhoneSimulator
		{6b83df8d-f7cc-4805-bb68-72df96dcfd25}.Release|ARM.ActiveCfg = Release|iPhoneSimulator
		{6b83df8d-f7cc-4805-bb68-72df96dcfd25}.Release|ARM64.ActiveCfg = Release|iPhoneSimulator
		{6b83df8d-f7cc-4805-bb68-72df96dcfd25}.Release|iPhone.ActiveCfg = Release|iPhoneSimulator
		{6b83df8d-f7cc-4805-bb68-72df96dcfd25}.Release|iPhone.Build.0 = Release|iPhoneSimulator
		{6b83df8d-f7cc-4805-bb68-72df96dcfd25}.Release|iPhoneSimulator.ActiveCfg = Release|iPhoneSimulator
		{6b83df8d-f7cc-4805-bb68-72df96dcfd25}.Release|iPhoneSimulator.Build.0 = Release|iPhoneSimulator
		{6b83df8d-f7cc-4805-bb68-72df96dcfd25}.Release|x64.ActiveCfg = Release|iPhoneSimulator
		{6b83df8d-f7cc-4805-bb68-72df96dcfd25}.Release|x64.Build.0 = Release|iPhoneSimulator
		{6b83df8d-f7cc-4805-bb68-72df96dcfd25}.Release|x86.ActiveCfg = Release|iPhoneSimulator
		{6b83df8d-f7cc-4805-bb68-72df96dcfd25}.Release|x86.Build.0 = Release|iPhoneSimulator
	EndGlobalSection
	GlobalSection(SolutionProperties) = preSolution
		HideSolutionNode = FALSE
	EndGlobalSection
	GlobalSection(ExtensibilityGlobals) = postSolution
		SolutionGuid = {C7433AE2-B1A0-4C1A-887E-5CAA7AAF67A6}
	EndGlobalSection
EndGlobal
